
Microsoft Visual Studio Solution File, Format Version 12.00
# Visual Studio Version 17
VisualStudioVersion = 17.5.33414.496
MinimumVisualStudioVersion = 10.0.40219.1
Project("{8BC9CEB8-8B4A-11D0-8D11-00A0C91BC942}") = "HelloWorldCpp", "HelloWorldCpp.vcxproj", "{06484C12-39E7-40A2-B3C9-3D6178A00602}"
EndProject
Project("{8BC9CEB8-8B4A-11D0-8D11-00A0C91BC942}") = "TicTacToe", "TicTacToe\TicTacToe.vcxproj", "{533A0DFF-9F84-4DBA-86A7-89D039464F82}"
EndProject
Global
	GlobalSection(SolutionConfigurationPlatforms) = preSolution
		Debug|x64 = Debug|x64
		Debug|x86 = Debug|x86
		Release|x64 = Release|x64
		Release|x86 = Release|x86
	EndGlobalSection
	GlobalSection(ProjectConfigurationPlatforms) = postSolution
		{06484C12-39E7-40A2-B3C9-3D6178A00602}.Debug|x64.ActiveCfg = Debug|x64
		{06484C12-39E7-40A2-B3C9-3D6178A00602}.Debug|x64.Build.0 = Debug|x64
		{06484C12-39E7-40A2-B3C9-3D6178A00602}.Debug|x86.ActiveCfg = Debug|Win32
		{06484C12-39E7-40A2-B3C9-3D6178A00602}.Debug|x86.Build.0 = Debug|Win32
		{06484C12-39E7-40A2-B3C9-3D6178A00602}.Release|x64.ActiveCfg = Release|x64
		{06484C12-39E7-40A2-B3C9-3D6178A00602}.Release|x64.Build.0 = Release|x64
		{06484C12-39E7-40A2-B3C9-3D6178A00602}.Release|x86.ActiveCfg = Release|Win32
		{06484C12-39E7-40A2-B3C9-3D6178A00602}.Release|x86.Build.0 = Release|Win32
		{533A0DFF-9F84-4DBA-86A7-89D039464F82}.Debug|x64.ActiveCfg = Debug|x64
		{533A0DFF-9F84-4DBA-86A7-89D039464F82}.Debug|x64.Build.0 = Debug|x64
		{533A0DFF-9F84-4DBA-86A7-89D039464F82}.Debug|x86.ActiveCfg = Debug|Win32
		{533A0DFF-9F84-4DBA-86A7-89D039464F82}.Debug|x86.Build.0 = Debug|Win32
		{533A0DFF-9F84-4DBA-86A7-89D039464F82}.Release|x64.ActiveCfg = Release|x64
		{533A0DFF-9F84-4DBA-86A7-89D039464F82}.Release|x64.Build.0 = Release|x64
		{533A0DFF-9F84-4DBA-86A7-89D039464F82}.Release|x86.ActiveCfg = Release|Win32
		{533A0DFF-9F84-4DBA-86A7-89D039464F82}.Release|x86.Build.0 = Release|Win32
	EndGlobalSection
	GlobalSection(SolutionProperties) = preSolution
		HideSolutionNode = FALSE
	EndGlobalSection
	GlobalSection(ExtensibilityGlobals) = postSolution
		SolutionGuid = {16D15085-9667-4072-A392-FE7FADC69D31}
	EndGlobalSection
EndGlobal
